
Microsoft Visual Studio Solution File, Format Version 12.00
# Visual Studio Version 17
VisualStudioVersion = 17.13.35919.96 d17.13
MinimumVisualStudioVersion = 10.0.40219.1
Project("{FAE04EC0-301F-11D3-BF4B-00C04F79EFBC}") = "BoxingAndUnboxing", "BoxingAndUnboxing\BoxingAndUnboxing.csproj", "{747C4A18-233C-42F4-AD22-C6C6FB54C830}"
EndProject
Global
	GlobalSection(SolutionConfigurationPlatforms) = preSolution
		Debug|Any CPU = Debug|Any CPU
		Release|Any CPU = Release|Any CPU
	EndGlobalSection
	GlobalSection(ProjectConfigurationPlatforms) = postSolution
		{747C4A18-233C-42F4-AD22-C6C6FB54C830}.Debug|Any CPU.ActiveCfg = Debug|Any CPU
		{747C4A18-233C-42F4-AD22-C6C6FB54C830}.Debug|Any CPU.Build.0 = Debug|Any CPU
		{747C4A18-233C-42F4-AD22-C6C6FB54C830}.Release|Any CPU.ActiveCfg = Release|Any CPU
		{747C4A18-233C-42F4-AD22-C6C6FB54C830}.Release|Any CPU.Build.0 = Release|Any CPU
	EndGlobalSection
	GlobalSection(SolutionProperties) = preSolution
		HideSolutionNode = FALSE
	EndGlobalSection
	GlobalSection(ExtensibilityGlobals) = postSolution
		SolutionGuid = {7DC4F688-5377-4946-B25E-EF0D7AD87B97}
	EndGlobalSection
EndGlobal
