
Microsoft Visual Studio Solution File, Format Version 12.00
# Visual Studio Version 17
VisualStudioVersion = 17.13.35919.96 d17.13
MinimumVisualStudioVersion = 10.0.40219.1
Project("{FAE04EC0-301F-11D3-BF4B-00C04F79EFBC}") = "JSONNewtonSoft", "JSONNewtonSoft\JSONNewtonSoft.csproj", "{6805002E-085D-4E2C-B750-B3FB44BD65EA}"
EndProject
Global
	GlobalSection(SolutionConfigurationPlatforms) = preSolution
		Debug|Any CPU = Debug|Any CPU
		Release|Any CPU = Release|Any CPU
	EndGlobalSection
	GlobalSection(ProjectConfigurationPlatforms) = postSolution
		{6805002E-085D-4E2C-B750-B3FB44BD65EA}.Debug|Any CPU.ActiveCfg = Debug|Any CPU
		{6805002E-085D-4E2C-B750-B3FB44BD65EA}.Debug|Any CPU.Build.0 = Debug|Any CPU
		{6805002E-085D-4E2C-B750-B3FB44BD65EA}.Release|Any CPU.ActiveCfg = Release|Any CPU
		{6805002E-085D-4E2C-B750-B3FB44BD65EA}.Release|Any CPU.Build.0 = Release|Any CPU
	EndGlobalSection
	GlobalSection(SolutionProperties) = preSolution
		HideSolutionNode = FALSE
	EndGlobalSection
	GlobalSection(ExtensibilityGlobals) = postSolution
		SolutionGuid = {CF185A84-AE82-452B-99A9-2FB395E20A7C}
	EndGlobalSection
EndGlobal
