
Microsoft Visual Studio Solution File, Format Version 12.00
Project("{FAE04EC0-301F-11D3-BF4B-00C04F79EFBC}") = "FactoryPattern", "FactoryPattern\FactoryPattern.csproj", "{BBA82A08-5218-44CF-A991-495008872EF3}"
EndProject
Global
	GlobalSection(SolutionConfigurationPlatforms) = preSolution
		Debug|Any CPU = Debug|Any CPU
		Release|Any CPU = Release|Any CPU
	EndGlobalSection
	GlobalSection(ProjectConfigurationPlatforms) = postSolution
		{BBA82A08-5218-44CF-A991-495008872EF3}.Debug|Any CPU.ActiveCfg = Debug|Any CPU
		{BBA82A08-5218-44CF-A991-495008872EF3}.Debug|Any CPU.Build.0 = Debug|Any CPU
		{BBA82A08-5218-44CF-A991-495008872EF3}.Release|Any CPU.ActiveCfg = Release|Any CPU
		{BBA82A08-5218-44CF-A991-495008872EF3}.Release|Any CPU.Build.0 = Release|Any CPU
	EndGlobalSection
EndGlobal
