
Microsoft Visual Studio Solution File, Format Version 12.00
# Visual Studio Version 17
VisualStudioVersion = 17.13.35919.96 d17.13
MinimumVisualStudioVersion = 10.0.40219.1
Project("{FAE04EC0-301F-11D3-BF4B-00C04F79EFBC}") = "IEnumerable IEnumerator", "IEnumerable IEnumerator\IEnumerable IEnumerator.csproj", "{FCA14148-2536-4924-A5E8-835BA90C73D7}"
EndProject
Global
	GlobalSection(SolutionConfigurationPlatforms) = preSolution
		Debug|Any CPU = Debug|Any CPU
		Release|Any CPU = Release|Any CPU
	EndGlobalSection
	GlobalSection(ProjectConfigurationPlatforms) = postSolution
		{FCA14148-2536-4924-A5E8-835BA90C73D7}.Debug|Any CPU.ActiveCfg = Debug|Any CPU
		{FCA14148-2536-4924-A5E8-835BA90C73D7}.Debug|Any CPU.Build.0 = Debug|Any CPU
		{FCA14148-2536-4924-A5E8-835BA90C73D7}.Release|Any CPU.ActiveCfg = Release|Any CPU
		{FCA14148-2536-4924-A5E8-835BA90C73D7}.Release|Any CPU.Build.0 = Release|Any CPU
	EndGlobalSection
	GlobalSection(SolutionProperties) = preSolution
		HideSolutionNode = FALSE
	EndGlobalSection
	GlobalSection(ExtensibilityGlobals) = postSolution
		SolutionGuid = {F0A14414-05DC-4682-ABBA-107D43453D2F}
	EndGlobalSection
EndGlobal
