
Microsoft Visual Studio Solution File, Format Version 12.00
# Visual Studio Version 17
VisualStudioVersion = 17.13.35919.96 d17.13
MinimumVisualStudioVersion = 10.0.40219.1
Project("{FAE04EC0-301F-11D3-BF4B-00C04F79EFBC}") = "IComparable", "IComparable\IComparable.csproj", "{3A411557-12A7-4476-936B-77807882EBA6}"
EndProject
Global
	GlobalSection(SolutionConfigurationPlatforms) = preSolution
		Debug|Any CPU = Debug|Any CPU
		Release|Any CPU = Release|Any CPU
	EndGlobalSection
	GlobalSection(ProjectConfigurationPlatforms) = postSolution
		{3A411557-12A7-4476-936B-77807882EBA6}.Debug|Any CPU.ActiveCfg = Debug|Any CPU
		{3A411557-12A7-4476-936B-77807882EBA6}.Debug|Any CPU.Build.0 = Debug|Any CPU
		{3A411557-12A7-4476-936B-77807882EBA6}.Release|Any CPU.ActiveCfg = Release|Any CPU
		{3A411557-12A7-4476-936B-77807882EBA6}.Release|Any CPU.Build.0 = Release|Any CPU
	EndGlobalSection
	GlobalSection(SolutionProperties) = preSolution
		HideSolutionNode = FALSE
	EndGlobalSection
	GlobalSection(ExtensibilityGlobals) = postSolution
		SolutionGuid = {E336B7C2-612B-46A5-9226-93943B9F98C9}
	EndGlobalSection
EndGlobal
