
Microsoft Visual Studio Solution File, Format Version 12.00
# Visual Studio Version 17
VisualStudioVersion = 17.13.35919.96 d17.13
MinimumVisualStudioVersion = 10.0.40219.1
Project("{FAE04EC0-301F-11D3-BF4B-00C04F79EFBC}") = "Reflection", "Reflection\Reflection.csproj", "{494E5ECE-E446-417F-8079-96849B2D6077}"
EndProject
Project("{FAE04EC0-301F-11D3-BF4B-00C04F79EFBC}") = "Info", "Info\Info.csproj", "{3840096B-C9A9-4E00-AFEC-81A3AF8397A0}"
EndProject
Project("{FAE04EC0-301F-11D3-BF4B-00C04F79EFBC}") = "AllListOfClassTypesBufferedStream", "AllListOfClassTypesBufferedStream\AllListOfClassTypesBufferedStream.csproj", "{6D8CAD22-DAEF-46B2-9129-BF4EC26DF039}"
EndProject
Global
	GlobalSection(SolutionConfigurationPlatforms) = preSolution
		Debug|Any CPU = Debug|Any CPU
		Release|Any CPU = Release|Any CPU
	EndGlobalSection
	GlobalSection(ProjectConfigurationPlatforms) = postSolution
		{494E5ECE-E446-417F-8079-96849B2D6077}.Debug|Any CPU.ActiveCfg = Debug|Any CPU
		{494E5ECE-E446-417F-8079-96849B2D6077}.Debug|Any CPU.Build.0 = Debug|Any CPU
		{494E5ECE-E446-417F-8079-96849B2D6077}.Release|Any CPU.ActiveCfg = Release|Any CPU
		{494E5ECE-E446-417F-8079-96849B2D6077}.Release|Any CPU.Build.0 = Release|Any CPU
		{3840096B-C9A9-4E00-AFEC-81A3AF8397A0}.Debug|Any CPU.ActiveCfg = Debug|Any CPU
		{3840096B-C9A9-4E00-AFEC-81A3AF8397A0}.Debug|Any CPU.Build.0 = Debug|Any CPU
		{3840096B-C9A9-4E00-AFEC-81A3AF8397A0}.Release|Any CPU.ActiveCfg = Release|Any CPU
		{3840096B-C9A9-4E00-AFEC-81A3AF8397A0}.Release|Any CPU.Build.0 = Release|Any CPU
		{6D8CAD22-DAEF-46B2-9129-BF4EC26DF039}.Debug|Any CPU.ActiveCfg = Debug|Any CPU
		{6D8CAD22-DAEF-46B2-9129-BF4EC26DF039}.Debug|Any CPU.Build.0 = Debug|Any CPU
		{6D8CAD22-DAEF-46B2-9129-BF4EC26DF039}.Release|Any CPU.ActiveCfg = Release|Any CPU
		{6D8CAD22-DAEF-46B2-9129-BF4EC26DF039}.Release|Any CPU.Build.0 = Release|Any CPU
	EndGlobalSection
	GlobalSection(SolutionProperties) = preSolution
		HideSolutionNode = FALSE
	EndGlobalSection
	GlobalSection(ExtensibilityGlobals) = postSolution
		SolutionGuid = {9CCD7613-F542-4DFA-9910-27C3450D3175}
	EndGlobalSection
EndGlobal
